Microsoft Visual Studio Solution File, Format Version 12.00
# Visual Studio 2012
Project("{FAE04EC0-301F-11D3-BF4B-00C04F79EFBC}") = "2D_RTS", "2D_RTS.csproj", "{EC84D729-62A6-4E77-8024-8A53B725A0DF}"
EndProject
Global
	GlobalSection(SolutionConfigurationPlatforms) = preSolution
	Debug|Any CPU = Debug|Any CPU
	ExportDebug|Any CPU = ExportDebug|Any CPU
	ExportRelease|Any CPU = ExportRelease|Any CPU
	EndGlobalSection
	GlobalSection(ProjectConfigurationPlatforms) = postSolution
		{EC84D729-62A6-4E77-8024-8A53B725A0DF}.Debug|Any CPU.ActiveCfg = Debug|Any CPU
		{EC84D729-62A6-4E77-8024-8A53B725A0DF}.Debug|Any CPU.Build.0 = Debug|Any CPU
		{EC84D729-62A6-4E77-8024-8A53B725A0DF}.ExportDebug|Any CPU.ActiveCfg = ExportDebug|Any CPU
		{EC84D729-62A6-4E77-8024-8A53B725A0DF}.ExportDebug|Any CPU.Build.0 = ExportDebug|Any CPU
		{EC84D729-62A6-4E77-8024-8A53B725A0DF}.ExportRelease|Any CPU.ActiveCfg = ExportRelease|Any CPU
		{EC84D729-62A6-4E77-8024-8A53B725A0DF}.ExportRelease|Any CPU.Build.0 = ExportRelease|Any CPU
	EndGlobalSection
EndGlobal
